{
  "name": "RetroThrifterClone",
  "lockfileVersion": 3,
  "requires": true,
  "packages": {
    "": {
      "dependencies": {
        "@huggingface/inference": "^4.13.4"
      },
      "devDependencies": {
        "baseline-browser-mapping": "^2.8.32"
      }
    },
    "node_modules/@huggingface/inference": {
      "version": "4.13.4",
      "resolved": "https://registry.npmjs.org/@huggingface/inference/-/inference-4.13.4.tgz",
      "integrity": "sha512-1G6jBDYLAZw7oNrJdMp+0/CafeoNaCLzrDd9fYSX3nhjzMuyWIPZ/MtP5EwXdC0htlFPx+R6JGqPhctAalQO+w==",
      "license": "MIT",
      "dependencies": {
        "@huggingface/jinja": "^0.5.1",
        "@huggingface/tasks": "^0.19.65"
      },
      "engines": {
        "node": ">=18"
      }
    },
    "node_modules/@huggingface/jinja": {
      "version": "0.5.3",
      "resolved": "https://registry.npmjs.org/@huggingface/jinja/-/jinja-0.5.3.tgz",
      "integrity": "sha512-asqfZ4GQS0hD876Uw4qiUb7Tr/V5Q+JZuo2L+BtdrD4U40QU58nIRq3ZSgAzJgT874VLjhGVacaYfrdpXtEvtA==",
      "license": "MIT",
      "engines": {
        "node": ">=18"
      }
    },
    "node_modules/@huggingface/tasks": {
      "version": "0.19.65",
      "resolved": "https://registry.npmjs.org/@huggingface/tasks/-/tasks-0.19.65.tgz",
      "integrity": "sha512-ecP5bMLwZRKsln6IhTkicIt8Wzn7cYquKYBkJe7K2qkIvvnhzT32wf9dvvFjRqv+cDzdVxOLEdT0DUkVzGiV5A==",
      "license": "MIT"
    },
    "node_modules/baseline-browser-mapping": {
      "version": "2.8.32",
      "resolved": "https://registry.npmjs.org/baseline-browser-mapping/-/baseline-browser-mapping-2.8.32.tgz",
      "integrity": "sha512-OPz5aBThlyLFgxyhdwf/s2+8ab3OvT7AdTNvKHBwpXomIYeXqpUUuT8LrdtxZSsWJ4R4CU1un4XGh5Ez3nlTpw==",
      "dev": true,
      "license": "Apache-2.0",
      "bin": {
        "baseline-browser-mapping": "dist/cli.js"
      }
    }
  }
}
